{
  "nodes": {
    "agenix": {
      "inputs": {
        "nixpkgs": [
          "nixpkgs"
        ]
      },
      "locked": {
        "lastModified": 1790734419,
        "narHash": "sha256-n7wew722m1OTBT9DOIMxNX/NF4zfsSUABAO5eW3wikE=",
        "owner": "ryantm",
        "repo": "agenix",
        "rev": "3daa710894355fa2fad8243380af373a2b4046ef",
        "type": "github"
      },
      "original": {
        "owner": "ryantm",
        "repo": "agenix",
        "type": "github"
      }
    },
    "disko": {
      "inputs": {
        "nixpkgs": [
          "nixpkgs"
        ]
      },
      "locked": {
        "lastModified": 1789770686,
        "narHash": "sha256-uZkBR7yHdIKUFB5SZdfgh1qkGfI3XmYmI/lTiquxbck=",
        "owner": "nix-community",
        "repo": "disko",
        "rev": "725ea35e410ad83be4931d1bff7e090eacaf3563",
        "type": "github"
      },
      "original": {
        "owner": "nix-community",
        "repo": "disko",
        "type": "github"
      }
    },
    "flake-utils": {
      "inputs": {
        "systems": "systems"
      },
      "locked": {
        "lastModified": 1731533236,
        "narHash": "sha256-l0KFg5HjrsfsO/JpG+r7fRrqm12kzFHyUHqHCVpMMbI=",
        "owner": "numtide",
        "repo": "flake-utils",
        "rev": "11707dc2f618dd54ca8739b309ec4fc024de578b",
        "type": "github"
      },
      "original": {
        "owner": "numtide",
        "repo": "flake-utils",
        "type": "github"
      }
    },
    "gws": {
      "inputs": {
        "flake-utils": "flake-utils",
        "nixpkgs": [
          "nixpkgs"
        ]
      },
      "locked": {
        "lastModified": 1774983075,
        "narHash": "sha256-YyNIHbyZrLlXYtWxZY8Um19MsnLharmS+nWGWO89fsA=",
        "owner": "googleworkspace",
        "repo": "cli",
        "rev": "a3768d0e82ad83cca2da97724e46bea4ff0e6dbd",
        "type": "github"
      },
      "original": {
        "owner": "googleworkspace",
        "repo": "cli",
        "type": "github"
      }
    },
    "home-manager": {
      "inputs": {
        "nixpkgs": [
          "nixpkgs"
        ]
      },
      "locked": {
        "lastModified": 1790742243,
        "narHash": "sha256-kaNo6xHiL31AbNNEreG0OTKf4j6Cxlo5bPawjX7lnbQ=",
        "owner": "nix-community",
        "repo": "home-manager",
        "rev": "e5fcd298a00f08b6e8390baf04aa8edb62203070",
        "type": "github"
      },
      "original": {
        "owner": "nix-community",
        "ref": "release-26.05",
        "repo": "home-manager",
        "type": "github"
      }
    },
    "nixpkgs": {
      "locked": {
        "lastModified": 1790870687,
        "narHash": "sha256-yNMwoLrMFI5dS7NZsrQAMBVyOXjQ5uXFDLHjh//OAK4=",
        "owner": "NixOS",
        "repo": "nixpkgs",
        "rev": "4feb8eb8bf30f323a8a5d285f14ee51d6a7197b1",
        "type": "github"
      },
      "original": {
        "owner": "NixOS",
        "ref": "nixos-26.05",
        "repo": "nixpkgs",
        "type": "github"
      }
    },
    "root": {
      "inputs": {
        "agenix": "agenix",
        "disko": "disko",
        "gws": "gws",
        "home-manager": "home-manager",
        "nixpkgs": "nixpkgs"
      }
    },
    "systems": {
      "locked": {
        "lastModified": 1681028828,
        "narHash": "sha256-Vy1rq5AaRuLzOxct8nz4T6wlgyUR7zLU309k9mBC768=",
        "owner": "nix-systems",
        "repo": "default",
        "rev": "da67096a3b9bf56a91d16901293e51ba5b49a27e",
        "type": "github"
      },
      "original": {
        "owner": "nix-systems",
        "repo": "default",
        "type": "github"
      }
    }
  },
  "root": "root",
  "version": 7
}
